// !$*UTF8*$!
{
	archiveVersion = 1;
	classes = {
	};
	objectVersion = 50;
	objects = {

/* Begin PBXBuildFile section */
		1956636826E0E2CB0018E62E /* AppDelegate.swift in Sources */ = {isa = PBXBuildFile; fileRef = 1956636726E0E2CB0018E62E /* AppDelegate.swift */; };
		1956636A26E0E2CB0018E62E /* SceneDelegate.swift in Sources */ = {isa = PBXBuildFile; fileRef = 1956636926E0E2CB0018E62E /* SceneDelegate.swift */; };
		1956636F26E0E2CB0018E62E /* Main.storyboard in Resources */ = {isa = PBXBuildFile; fileRef = 1956636D26E0E2CB0018E62E /* Main.storyboard */; };
		1956637126E0E2CC0018E62E /* Assets.xcassets in Resources */ = {isa = PBXBuildFile; fileRef = 1956637026E0E2CC0018E62E /* Assets.xcassets */; };
		1956637426E0E2CC0018E62E /* LaunchScreen.storyboard in Resources */ = {isa = PBXBuildFile; fileRef = 1956637226E0E2CC0018E62E /* LaunchScreen.storyboard */; };
		1956637C26E0E7ED0018E62E /* MainViewController.swift in Sources */ = {isa = PBXBuildFile; fileRef = 1956637B26E0E7ED0018E62E /* MainViewController.swift */; };
		19B869A726E0FD93004BFBC5 /* ApiError.swift in Sources */ = {isa = PBXBuildFile; fileRef = 19B869A626E0FD93004BFBC5 /* ApiError.swift */; };
		19B869A926E0FDA8004BFBC5 /* CurrentWeather.swift in Sources */ = {isa = PBXBuildFile; fileRef = 19B869A826E0FDA8004BFBC5 /* CurrentWeather.swift */; };
		19B869AB26E0FDB4004BFBC5 /* RaspData.swift in Sources */ = {isa = PBXBuildFile; fileRef = 19B869AA26E0FDB4004BFBC5 /* RaspData.swift */; };
/* End PBXBuildFile section */

/* Begin PBXFileReference section */
		1956636426E0E2CB0018E62E /* ProtectAir.app */ = {isa = PBXFileReference; explicitFileType = wrapper.application; includeInIndex = 0; path = ProtectAir.app; sourceTree = BUILT_PRODUCTS_DIR; };
		1956636726E0E2CB0018E62E /* AppDelegate.swift */ = {isa = PBXFileReference; lastKnownFileType = sourcecode.swift; path = AppDelegate.swift; sourceTree = "<group>"; };
		1956636926E0E2CB0018E62E /* SceneDelegate.swift */ = {isa = PBXFileReference; lastKnownFileType = sourcecode.swift; path = SceneDelegate.swift; sourceTree = "<group>"; };
		1956636E26E0E2CB0018E62E /* Base */ = {isa = PBXFileReference; lastKnownFileType = file.storyboard; name = Base; path = Base.lproj/Main.storyboard; sourceTree = "<group>"; };
		1956637026E0E2CC0018E62E /* Assets.xcassets */ = {isa = PBXFileReference; lastKnownFileType = folder.assetcatalog; path = Assets.xcassets; sourceTree = "<group>"; };
		1956637326E0E2CC0018E62E /* Base */ = {isa = PBXFileReference; lastKnownFileType = file.storyboard; name = Base; path = Base.lproj/LaunchScreen.storyboard; sourceTree = "<group>"; };
		1956637526E0E2CC0018E62E /* Info.plist */ = {isa = PBXFileReference; lastKnownFileType = text.plist.xml; path = Info.plist; sourceTree = "<group>"; };
		1956637B26E0E7ED0018E62E /* MainViewController.swift */ = {isa = PBXFileReference; lastKnownFileType = sourcecode.swift; path = MainViewController.swift; sourceTree = "<group>"; };
		19B869A626E0FD93004BFBC5 /* ApiError.swift */ = {isa = PBXFileReference; lastKnownFileType = sourcecode.swift; path = ApiError.swift; sourceTree = "<group>"; };
		19B869A826E0FDA8004BFBC5 /* CurrentWeather.swift */ = {isa = PBXFileReference; lastKnownFileType = sourcecode.swift; path = CurrentWeather.swift; sourceTree = "<group>"; };
		19B869AA26E0FDB4004BFBC5 /* RaspData.swift */ = {isa = PBXFileReference; indentWidth = 5; lastKnownFileType = sourcecode.swift; path = RaspData.swift; sourceTree = "<group>"; };
/* End PBXFileReference section */

/* Begin PBXFrameworksBuildPhase section */
		1956636126E0E2CB0018E62E /* Frameworks */ = {
			isa = PBXFrameworksBuildPhase;
			buildActionMask = 2147483647;
			files = (
			);
			runOnlyForDeploymentPostprocessing = 0;
		};
/* End PBXFrameworksBuildPhase section */

/* Begin PBXGroup section */
		1956635B26E0E2CB0018E62E = {
			isa = PBXGroup;
			children = (
				1956636626E0E2CB0018E62E /* ProtectAir */,
				1956636526E0E2CB0018E62E /* Products */,
			);
			sourceTree = "<group>";
		};
		1956636526E0E2CB0018E62E /* Products */ = {
			isa = PBXGroup;
			children = (
				1956636426E0E2CB0018E62E /* ProtectAir.app */,
			);
			name = Products;
			sourceTree = "<group>";
		};
		1956636626E0E2CB0018E62E /* ProtectAir */ = {
			isa = PBXGroup;
			children = (
				1956637E26E0F2E20018E62E /* Location */,
				1956638026E0F2E80018E62E /* Api */,
				1956637F26E0F2E30018E62E /* Data */,
				1956637D26E0F2E00018E62E /* Model */,
				1956636726E0E2CB0018E62E /* AppDelegate.swift */,
				1956636926E0E2CB0018E62E /* SceneDelegate.swift */,
				1956636D26E0E2CB0018E62E /* Main.storyboard */,
				1956637026E0E2CC0018E62E /* Assets.xcassets */,
				1956637B26E0E7ED0018E62E /* MainViewController.swift */,
				1956637226E0E2CC0018E62E /* LaunchScreen.storyboard */,
				1956637526E0E2CC0018E62E /* Info.plist */,
			);
			path = ProtectAir;
			sourceTree = "<group>";
		};
		1956637D26E0F2E00018E62E /* Model */ = {
			isa = PBXGroup;
			children = (
				19B869A626E0FD93004BFBC5 /* ApiError.swift */,
				19B869A826E0FDA8004BFBC5 /* CurrentWeather.swift */,
				19B869AA26E0FDB4004BFBC5 /* RaspData.swift */,
			);
			path = Model;
			sourceTree = "<group>";
		};
		1956637E26E0F2E20018E62E /* Location */ = {
			isa = PBXGroup;
			children = (
			);
			path = Location;
			sourceTree = "<group>";
		};
		1956637F26E0F2E30018E62E /* Data */ = {
			isa = PBXGroup;
			children = (
			);
			name = Data;
			path = "New Group1/Data";
			sourceTree = "<group>";
		};
		1956638026E0F2E80018E62E /* Api */ = {
			isa = PBXGroup;
			children = (
			);
			path = Api;
			sourceTree = "<group>";
		};
/* End PBXGroup section */

/* Begin PBXNativeTarget section */
		1956636326E0E2CB0018E62E /* ProtectAir */ = {
			isa = PBXNativeTarget;
			buildConfigurationList = 1956637826E0E2CC0018E62E /* Build configuration list for PBXNativeTarget "ProtectAir" */;
			buildPhases = (
				1956636026E0E2CB0018E62E /* Sources */,
				1956636126E0E2CB0018E62E /* Frameworks */,
				1956636226E0E2CB0018E62E /* Resources */,
			);
			buildRules = (
			);
			dependencies = (
			);
			name = ProtectAir;
			productName = ProtectAir;
			productReference = 1956636426E0E2CB0018E62E /* ProtectAir.app */;
			productType = "com.apple.product-type.application";
		};
/* End PBXNativeTarget section */

/* Begin PBXProject section */
		1956635C26E0E2CB0018E62E /* Project object */ = {
			isa = PBXProject;
			attributes = {
				LastSwiftUpdateCheck = 1250;
				LastUpgradeCheck = 1250;
				TargetAttributes = {
					1956636326E0E2CB0018E62E = {
						CreatedOnToolsVersion = 12.5;
					};
				};
			};
			buildConfigurationList = 1956635F26E0E2CB0018E62E /* Build configuration list for PBXProject "ProtectAir" */;
			compatibilityVersion = "Xcode 9.3";
			developmentRegion = en;
			hasScannedForEncodings = 0;
			knownRegions = (
				en,
				Base,
			);
			mainGroup = 1956635B26E0E2CB0018E62E;
			productRefGroup = 1956636526E0E2CB0018E62E /* Products */;
			projectDirPath = "";
			projectRoot = "";
			targets = (
				1956636326E0E2CB0018E62E /* ProtectAir */,
			);
		};
/* End PBXProject section */

/* Begin PBXResourcesBuildPhase section */
		1956636226E0E2CB0018E62E /* Resources */ = {
			isa = PBXResourcesBuildPhase;
			buildActionMask = 2147483647;
			files = (
				1956637426E0E2CC0018E62E /* LaunchScreen.storyboard in Resources */,
				1956637126E0E2CC0018E62E /* Assets.xcassets in Resources */,
				1956636F26E0E2CB0018E62E /* Main.storyboard in Resources */,
			);
			runOnlyForDeploymentPostprocessing = 0;
		};
/* End PBXResourcesBuildPhase section */

/* Begin PBXSourcesBuildPhase section */
		1956636026E0E2CB0018E62E /* Sources */ = {
			isa = PBXSourcesBuildPhase;
			buildActionMask = 2147483647;
			files = (
				1956637C26E0E7ED0018E62E /* MainViewController.swift in Sources */,
				19B869AB26E0FDB4004BFBC5 /* RaspData.swift in Sources */,
				19B869A926E0FDA8004BFBC5 /* CurrentWeather.swift in Sources */,
				19B869A726E0FD93004BFBC5 /* ApiError.swift in Sources */,
				1956636826E0E2CB0018E62E /* AppDelegate.swift in Sources */,
				1956636A26E0E2CB0018E62E /* SceneDelegate.swift in Sources */,
			);
			runOnlyForDeploymentPostprocessing = 0;
		};
/* End PBXSourcesBuildPhase section */

/* Begin PBXVariantGroup section */
		1956636D26E0E2CB0018E62E /* Main.storyboard */ = {
			isa = PBXVariantGroup;
			children = (
				1956636E26E0E2CB0018E62E /* Base */,
			);
			name = Main.storyboard;
			sourceTree = "<group>";
		};
		1956637226E0E2CC0018E62E /* LaunchScreen.storyboard */ = {
			isa = PBXVariantGroup;
			children = (
				1956637326E0E2CC0018E62E /* Base */,
			);
			name = LaunchScreen.storyboard;
			sourceTree = "<group>";
		};
/* End PBXVariantGroup section */

/* Begin XCBuildConfiguration section */
		1956637626E0E2CC0018E62E /* Debug */ = {
			isa = XCBuildConfiguration;
			buildSettings = {
				ALWAYS_SEARCH_USER_PATHS = NO;
				CLANG_ANALYZER_NONNULL = YES;
				CLANG_ANALYZER_NUMBER_OBJECT_CONVERSION = YES_AGGRESSIVE;
				CLANG_CXX_LANGUAGE_STANDARD = "gnu++14";
				CLANG_CXX_LIBRARY = "libc++";
				CLANG_ENABLE_MODULES = YES;
				CLANG_ENABLE_OBJC_ARC = YES;
				CLANG_ENABLE_OBJC_WEAK = YES;
				CLANG_WARN_BLOCK_CAPTURE_AUTORELEASING = YES;
				CLANG_WARN_BOOL_CONVERSION = YES;
				CLANG_WARN_COMMA = YES;
				CLANG_WARN_CONSTANT_CONVERSION = YES;
				CLANG_WARN_DEPRECATED_OBJC_IMPLEMENTATIONS = YES;
				CLANG_WARN_DIRECT_OBJC_ISA_USAGE = YES_ERROR;
				CLANG_WARN_DOCUMENTATION_COMMENTS = YES;
				CLANG_WARN_EMPTY_BODY = YES;
				CLANG_WARN_ENUM_CONVERSION = YES;
				CLANG_WARN_INFINITE_RECURSION = YES;
				CLANG_WARN_INT_CONVERSION = YES;
				CLANG_WARN_NON_LITERAL_NULL_CONVERSION = YES;
				CLANG_WARN_OBJC_IMPLICIT_RETAIN_SELF = YES;
				CLANG_WARN_OBJC_LITERAL_CONVERSION = YES;
				CLANG_WARN_OBJC_ROOT_CLASS = YES_ERROR;
				CLANG_WARN_QUOTED_INCLUDE_IN_FRAMEWORK_HEADER = YES;
				CLANG_WARN_RANGE_LOOP_ANALYSIS = YES;
				CLANG_WARN_STRICT_PROTOTYPES = YES;
				CLANG_WARN_SUSPICIOUS_MOVE = YES;
				CLANG_WARN_UNGUARDED_AVAILABILITY = YES_AGGRESSIVE;
				CLANG_WARN_UNREACHABLE_CODE = YES;
				CLANG_WARN__DUPLICATE_METHOD_MATCH = YES;
				COPY_PHASE_STRIP = NO;
				DEBUG_INFORMATION_FORMAT = dwarf;
				ENABLE_STRICT_OBJC_MSGSEND = YES;
				ENABLE_TESTABILITY = YES;
				GCC_C_LANGUAGE_STANDARD = gnu11;
				GCC_DYNAMIC_NO_PIC = NO;
				GCC_NO_COMMON_BLOCKS = YES;
				GCC_OPTIMIZATION_LEVEL = 0;
				GCC_PREPROCESSOR_DEFINITIONS = (
					"DEBUG=1",
					"$(inherited)",
				);
				GCC_WARN_64_TO_32_BIT_CONVERSION = YES;
				GCC_WARN_ABOUT_RETURN_TYPE = YES_ERROR;
				GCC_WARN_UNDECLARED_SELECTOR = YES;
				GCC_WARN_UNINITIALIZED_AUTOS = YES_AGGRESSIVE;
				GCC_WARN_UNUSED_FUNCTION = YES;
				GCC_WARN_UNUSED_VARIABLE = YES;
				IPHONEOS_DEPLOYMENT_TARGET = 14.5;
				MTL_ENABLE_DEBUG_INFO = INCLUDE_SOURCE;
				MTL_FAST_MATH = YES;
				ONLY_ACTIVE_ARCH = YES;
				SDKROOT = iphoneos;
				SWIFT_ACTIVE_COMPILATION_CONDITIONS = DEBUG;
				SWIFT_OPTIMIZATION_LEVEL = "-Onone";
			};
			name = Debug;
		};
		1956637726E0E2CC0018E62E /* Release */ = {
			isa = XCBuildConfiguration;
			buildSettings = {
				ALWAYS_SEARCH_USER_PATHS = NO;
				CLANG_ANALYZER_NONNULL = YES;
				CLANG_ANALYZER_NUMBER_OBJECT_CONVERSION = YES_AGGRESSIVE;
				CLANG_CXX_LANGUAGE_STANDARD = "gnu++14";
				CLANG_CXX_LIBRARY = "libc++";
				CLANG_ENABLE_MODULES = YES;
				CLANG_ENABLE_OBJC_ARC = YES;
				CLANG_ENABLE_OBJC_WEAK = YES;
				CLANG_WARN_BLOCK_CAPTURE_AUTORELEASING = YES;
				CLANG_WARN_BOOL_CONVERSION = YES;
				CLANG_WARN_COMMA = YES;
				CLANG_WARN_CONSTANT_CONVERSION = YES;
				CLANG_WARN_DEPRECATED_OBJC_IMPLEMENTATIONS = YES;
				CLANG_WARN_DIRECT_OBJC_ISA_USAGE = YES_ERROR;
				CLANG_WARN_DOCUMENTATION_COMMENTS = YES;
				CLANG_WARN_EMPTY_BODY = YES;
				CLANG_WARN_ENUM_CONVERSION = YES;
				CLANG_WARN_INFINITE_RECURSION = YES;
				CLANG_WARN_INT_CONVERSION = YES;
				CLANG_WARN_NON_LITERAL_NULL_CONVERSION = YES;
				CLANG_WARN_OBJC_IMPLICIT_RETAIN_SELF = YES;
				CLANG_WARN_OBJC_LITERAL_CONVERSION = YES;
				CLANG_WARN_OBJC_ROOT_CLASS = YES_ERROR;
				CLANG_WARN_QUOTED_INCLUDE_IN_FRAMEWORK_HEADER = YES;
				CLANG_WARN_RANGE_LOOP_ANALYSIS = YES;
				CLANG_WARN_STRICT_PROTOTYPES = YES;
				CLANG_WARN_SUSPICIOUS_MOVE = YES;
				CLANG_WARN_UNGUARDED_AVAILABILITY = YES_AGGRESSIVE;
				CLANG_WARN_UNREACHABLE_CODE = YES;
				CLANG_WARN__DUPLICATE_METHOD_MATCH = YES;
				COPY_PHASE_STRIP = NO;
				DEBUG_INFORMATION_FORMAT = "dwarf-with-dsym";
				ENABLE_NS_ASSERTIONS = NO;
				ENABLE_STRICT_OBJC_MSGSEND = YES;
				GCC_C_LANGUAGE_STANDARD = gnu11;
				GCC_NO_COMMON_BLOCKS = YES;
				GCC_WARN_64_TO_32_BIT_CONVERSION = YES;
				GCC_WARN_ABOUT_RETURN_TYPE = YES_ERROR;
				GCC_WARN_UNDECLARED_SELECTOR = YES;
				GCC_WARN_UNINITIALIZED_AUTOS = YES_AGGRESSIVE;
				GCC_WARN_UNUSED_FUNCTION = YES;
				GCC_WARN_UNUSED_VARIABLE = YES;
				IPHONEOS_DEPLOYMENT_TARGET = 14.5;
				MTL_ENABLE_DEBUG_INFO = NO;
				MTL_FAST_MATH = YES;
				SDKROOT = iphoneos;
				SWIFT_COMPILATION_MODE = wholemodule;
				SWIFT_OPTIMIZATION_LEVEL = "-O";
				VALIDATE_PRODUCT = YES;
			};
			name = Release;
		};
		1956637926E0E2CC0018E62E /* Debug */ = {
			isa = XCBuildConfiguration;
			buildSettings = {
				ASSETCATALOG_COMPILER_APPICON_NAME = AppIcon;
				ASSETCATALOG_COMPILER_GLOBAL_ACCENT_COLOR_NAME = AccentColor;
				CODE_SIGN_STYLE = Automatic;
				DEVELOPMENT_TEAM = ZG2P46JR6N;
				INFOPLIST_FILE = ProtectAir/Info.plist;
				LD_RUNPATH_SEARCH_PATHS = (
					"$(inherited)",
					"@executable_path/Frameworks",
				);
				PRODUCT_BUNDLE_IDENTIFIER = sunggyu.ProtectAir;
				PRODUCT_NAME = "$(TARGET_NAME)";
				SWIFT_VERSION = 5.0;
				TARGETED_DEVICE_FAMILY = "1,2";
			};
			name = Debug;
		};
		1956637A26E0E2CC0018E62E /* Release */ = {
			isa = XCBuildConfiguration;
			buildSettings = {
				ASSETCATALOG_COMPILER_APPICON_NAME = AppIcon;
				ASSETCATALOG_COMPILER_GLOBAL_ACCENT_COLOR_NAME = AccentColor;
				CODE_SIGN_STYLE = Automatic;
				DEVELOPMENT_TEAM = ZG2P46JR6N;
				INFOPLIST_FILE = ProtectAir/Info.plist;
				LD_RUNPATH_SEARCH_PATHS = (
					"$(inherited)",
					"@executable_path/Frameworks",
				);
				PRODUCT_BUNDLE_IDENTIFIER = sunggyu.ProtectAir;
				PRODUCT_NAME = "$(TARGET_NAME)";
				SWIFT_VERSION = 5.0;
				TARGETED_DEVICE_FAMILY = "1,2";
			};
			name = Release;
		};
/* End XCBuildConfiguration section */

/* Begin XCConfigurationList section */
		1956635F26E0E2CB0018E62E /* Build configuration list for PBXProject "ProtectAir" */ = {
			isa = XCConfigurationList;
			buildConfigurations = (
				1956637626E0E2CC0018E62E /* Debug */,
				1956637726E0E2CC0018E62E /* Release */,
			);
			defaultConfigurationIsVisible = 0;
			defaultConfigurationName = Release;
		};
		1956637826E0E2CC0018E62E /* Build configuration list for PBXNativeTarget "ProtectAir" */ = {
			isa = XCConfigurationList;
			buildConfigurations = (
				1956637926E0E2CC0018E62E /* Debug */,
				1956637A26E0E2CC0018E62E /* Release */,
			);
			defaultConfigurationIsVisible = 0;
			defaultConfigurationName = Release;
		};
/* End XCConfigurationList section */
	};
	rootObject = 1956635C26E0E2CB0018E62E /* Project object */;
}
