// !$*UTF8*$!
{
	archiveVersion = 1;
	classes = {
	};
	objectVersion = 51;
	objects = {

/* Begin PBXBuildFile section */
		1902BB6426E23AD000147F77 /* Location.swift in Sources */ = {isa = PBXBuildFile; fileRef = 1902BB6326E23AD000147F77 /* Location.swift */; };
		192AA85826E396830087E27C /* FetchData.swift in Sources */ = {isa = PBXBuildFile; fileRef = 192AA85726E396830087E27C /* FetchData.swift */; };
		192AA85A26E3B0CA0087E27C /* Common.swift in Sources */ = {isa = PBXBuildFile; fileRef = 192AA85926E3B0CA0087E27C /* Common.swift */; };
		192AA85C26E3B2420087E27C /* WeatherCell.swift in Sources */ = {isa = PBXBuildFile; fileRef = 192AA85B26E3B2420087E27C /* WeatherCell.swift */; };
		19345C1C26E490030073E60D /* Assets.xcassets in Resources */ = {isa = PBXBuildFile; fileRef = 19345C1B26E490030073E60D /* Assets.xcassets */; };
		1956636826E0E2CB0018E62E /* AppDelegate.swift in Sources */ = {isa = PBXBuildFile; fileRef = 1956636726E0E2CB0018E62E /* AppDelegate.swift */; };
		1956636A26E0E2CB0018E62E /* SceneDelegate.swift in Sources */ = {isa = PBXBuildFile; fileRef = 1956636926E0E2CB0018E62E /* SceneDelegate.swift */; };
		1956636F26E0E2CB0018E62E /* Main.storyboard in Resources */ = {isa = PBXBuildFile; fileRef = 1956636D26E0E2CB0018E62E /* Main.storyboard */; };
		1956637426E0E2CC0018E62E /* LaunchScreen.storyboard in Resources */ = {isa = PBXBuildFile; fileRef = 1956637226E0E2CC0018E62E /* LaunchScreen.storyboard */; };
		1956637C26E0E7ED0018E62E /* MainViewController.swift in Sources */ = {isa = PBXBuildFile; fileRef = 1956637B26E0E7ED0018E62E /* MainViewController.swift */; };
		1961A1282702B2F3009D4557 /* Formatter.swift in Sources */ = {isa = PBXBuildFile; fileRef = 1961A1272702B2F3009D4557 /* Formatter.swift */; };
		1965377B26EE16BB0018BA7D /* TabBarController.swift in Sources */ = {isa = PBXBuildFile; fileRef = 1965377A26EE16BB0018BA7D /* TabBarController.swift */; };
		196D5E2427257534009D4074 /* SecondRaspiCell.swift in Sources */ = {isa = PBXBuildFile; fileRef = 196D5E2327257534009D4074 /* SecondRaspiCell.swift */; };
		197087CC26EEE11F00AFC458 /* RaspiDataPasing.swift in Sources */ = {isa = PBXBuildFile; fileRef = 197087CB26EEE11F00AFC458 /* RaspiDataPasing.swift */; };
		1975341326E4F91B00513BB1 /* RaspiDustCell.swift in Sources */ = {isa = PBXBuildFile; fileRef = 1975341226E4F91B00513BB1 /* RaspiDustCell.swift */; };
		1975341526E4F94300513BB1 /* DustMainViewController.swift in Sources */ = {isa = PBXBuildFile; fileRef = 1975341426E4F94300513BB1 /* DustMainViewController.swift */; };
		19839C6826EDF073005A131A /* DustTableViewCell.swift in Sources */ = {isa = PBXBuildFile; fileRef = 19839C6726EDF073005A131A /* DustTableViewCell.swift */; };
		19B869A726E0FD93004BFBC5 /* ApiError.swift in Sources */ = {isa = PBXBuildFile; fileRef = 19B869A626E0FD93004BFBC5 /* ApiError.swift */; };
		19B869A926E0FDA8004BFBC5 /* CurrentWeather.swift in Sources */ = {isa = PBXBuildFile; fileRef = 19B869A826E0FDA8004BFBC5 /* CurrentWeather.swift */; };
		19B869AB26E0FDB4004BFBC5 /* RaspData.swift in Sources */ = {isa = PBXBuildFile; fileRef = 19B869AA26E0FDB4004BFBC5 /* RaspData.swift */; };
		19D57C22271C55D800B8CF86 /* ControlViewController.swift in Sources */ = {isa = PBXBuildFile; fileRef = 19D57C21271C55D800B8CF86 /* ControlViewController.swift */; };
		93384125082CC623D0886E2F /* Pods_ProtectAir.framework in Frameworks */ = {isa = PBXBuildFile; fileRef = 008EEC67911769374B7B880A /* Pods_ProtectAir.framework */; };
/* End PBXBuildFile section */

/* Begin PBXFileReference section */
		008EEC67911769374B7B880A /* Pods_ProtectAir.framework */ = {isa = PBXFileReference; explicitFileType = wrapper.framework; includeInIndex = 0; path = Pods_ProtectAir.framework; sourceTree = BUILT_PRODUCTS_DIR; };
		1902BB6326E23AD000147F77 /* Location.swift */ = {isa = PBXFileReference; lastKnownFileType = sourcecode.swift; path = Location.swift; sourceTree = "<group>"; };
		192AA85726E396830087E27C /* FetchData.swift */ = {isa = PBXFileReference; lastKnownFileType = sourcecode.swift; path = FetchData.swift; sourceTree = "<group>"; };
		192AA85926E3B0CA0087E27C /* Common.swift */ = {isa = PBXFileReference; lastKnownFileType = sourcecode.swift; path = Common.swift; sourceTree = "<group>"; };
		192AA85B26E3B2420087E27C /* WeatherCell.swift */ = {isa = PBXFileReference; lastKnownFileType = sourcecode.swift; path = WeatherCell.swift; sourceTree = "<group>"; };
		19345C1B26E490030073E60D /* Assets.xcassets */ = {isa = PBXFileReference; lastKnownFileType = folder.assetcatalog; path = Assets.xcassets; sourceTree = "<group>"; };
		194ABE2726E4A22C009A7651 /* test.playground */ = {isa = PBXFileReference; lastKnownFileType = file.playground; path = test.playground; sourceTree = "<group>"; xcLanguageSpecificationIdentifier = xcode.lang.swift; };
		1956636426E0E2CB0018E62E /* ProtectAir.app */ = {isa = PBXFileReference; explicitFileType = wrapper.application; includeInIndex = 0; path = ProtectAir.app; sourceTree = BUILT_PRODUCTS_DIR; };
		1956636726E0E2CB0018E62E /* AppDelegate.swift */ = {isa = PBXFileReference; lastKnownFileType = sourcecode.swift; path = AppDelegate.swift; sourceTree = "<group>"; };
		1956636926E0E2CB0018E62E /* SceneDelegate.swift */ = {isa = PBXFileReference; lastKnownFileType = sourcecode.swift; path = SceneDelegate.swift; sourceTree = "<group>"; };
		1956636E26E0E2CB0018E62E /* Base */ = {isa = PBXFileReference; lastKnownFileType = file.storyboard; name = Base; path = Base.lproj/Main.storyboard; sourceTree = "<group>"; };
		1956637326E0E2CC0018E62E /* Base */ = {isa = PBXFileReference; lastKnownFileType = file.storyboard; name = Base; path = Base.lproj/LaunchScreen.storyboard; sourceTree = "<group>"; };
		1956637526E0E2CC0018E62E /* Info.plist */ = {isa = PBXFileReference; lastKnownFileType = text.plist.xml; path = Info.plist; sourceTree = "<group>"; };
		1956637B26E0E7ED0018E62E /* MainViewController.swift */ = {isa = PBXFileReference; lastKnownFileType = sourcecode.swift; path = MainViewController.swift; sourceTree = "<group>"; };
		1961A1272702B2F3009D4557 /* Formatter.swift */ = {isa = PBXFileReference; lastKnownFileType = sourcecode.swift; path = Formatter.swift; sourceTree = "<group>"; };
		1965377A26EE16BB0018BA7D /* TabBarController.swift */ = {isa = PBXFileReference; lastKnownFileType = sourcecode.swift; path = TabBarController.swift; sourceTree = "<group>"; };
		196D5E2327257534009D4074 /* SecondRaspiCell.swift */ = {isa = PBXFileReference; lastKnownFileType = sourcecode.swift; path = SecondRaspiCell.swift; sourceTree = "<group>"; };
		197087CB26EEE11F00AFC458 /* RaspiDataPasing.swift */ = {isa = PBXFileReference; lastKnownFileType = sourcecode.swift; path = RaspiDataPasing.swift; sourceTree = "<group>"; };
		1975341126E4F7E300513BB1 /* RaspberryPiTest.playground */ = {isa = PBXFileReference; lastKnownFileType = file.playground; path = RaspberryPiTest.playground; sourceTree = "<group>"; xcLanguageSpecificationIdentifier = xcode.lang.swift; };
		1975341226E4F91B00513BB1 /* RaspiDustCell.swift */ = {isa = PBXFileReference; lastKnownFileType = sourcecode.swift; path = RaspiDustCell.swift; sourceTree = "<group>"; };
		1975341426E4F94300513BB1 /* DustMainViewController.swift */ = {isa = PBXFileReference; lastKnownFileType = sourcecode.swift; path = DustMainViewController.swift; sourceTree = "<group>"; };
		19839C6726EDF073005A131A /* DustTableViewCell.swift */ = {isa = PBXFileReference; lastKnownFileType = sourcecode.swift; path = DustTableViewCell.swift; sourceTree = "<group>"; };
		19B869A626E0FD93004BFBC5 /* ApiError.swift */ = {isa = PBXFileReference; lastKnownFileType = sourcecode.swift; path = ApiError.swift; sourceTree = "<group>"; };
		19B869A826E0FDA8004BFBC5 /* CurrentWeather.swift */ = {isa = PBXFileReference; lastKnownFileType = sourcecode.swift; path = CurrentWeather.swift; sourceTree = "<group>"; };
		19B869AA26E0FDB4004BFBC5 /* RaspData.swift */ = {isa = PBXFileReference; indentWidth = 5; lastKnownFileType = sourcecode.swift; path = RaspData.swift; sourceTree = "<group>"; };
		19D57C21271C55D800B8CF86 /* ControlViewController.swift */ = {isa = PBXFileReference; lastKnownFileType = sourcecode.swift; path = ControlViewController.swift; sourceTree = "<group>"; };
		6CEED6AA31D7234FCB426322 /* Pods-ProtectAir.release.xcconfig */ = {isa = PBXFileReference; includeInIndex = 1; lastKnownFileType = text.xcconfig; name = "Pods-ProtectAir.release.xcconfig"; path = "Target Support Files/Pods-ProtectAir/Pods-ProtectAir.release.xcconfig"; sourceTree = "<group>"; };
		9DDCF01D318F6E4F260F7682 /* Pods-ProtectAir.debug.xcconfig */ = {isa = PBXFileReference; includeInIndex = 1; lastKnownFileType = text.xcconfig; name = "Pods-ProtectAir.debug.xcconfig"; path = "Target Support Files/Pods-ProtectAir/Pods-ProtectAir.debug.xcconfig"; sourceTree = "<group>"; };
/* End PBXFileReference section */

/* Begin PBXFrameworksBuildPhase section */
		1956636126E0E2CB0018E62E /* Frameworks */ = {
			isa = PBXFrameworksBuildPhase;
			buildActionMask = 2147483647;
			files = (
				93384125082CC623D0886E2F /* Pods_ProtectAir.framework in Frameworks */,
			);
			runOnlyForDeploymentPostprocessing = 0;
		};
/* End PBXFrameworksBuildPhase section */

/* Begin PBXGroup section */
		1956635B26E0E2CB0018E62E = {
			isa = PBXGroup;
			children = (
				1956636626E0E2CB0018E62E /* ProtectAir */,
				1956636526E0E2CB0018E62E /* Products */,
				B45F1B43894C115406B34D49 /* Pods */,
				4BFD91479B6D0AC717427418 /* Frameworks */,
			);
			sourceTree = "<group>";
		};
		1956636526E0E2CB0018E62E /* Products */ = {
			isa = PBXGroup;
			children = (
				1956636426E0E2CB0018E62E /* ProtectAir.app */,
			);
			name = Products;
			sourceTree = "<group>";
		};
		1956636626E0E2CB0018E62E /* ProtectAir */ = {
			isa = PBXGroup;
			children = (
				197577042725743700696305 /* New Group */,
				19757703272573EE00696305 /* ViewController */,
				19757702272573E600696305 /* Cell */,
				1961A1262702B2CE009D4557 /* Format */,
				1956637E26E0F2E20018E62E /* Location */,
				1956638026E0F2E80018E62E /* Api */,
				1956637F26E0F2E30018E62E /* Data */,
				1956637D26E0F2E00018E62E /* Model */,
				1956637526E0E2CC0018E62E /* Info.plist */,
			);
			path = ProtectAir;
			sourceTree = "<group>";
		};
		1956637D26E0F2E00018E62E /* Model */ = {
			isa = PBXGroup;
			children = (
				192AA85926E3B0CA0087E27C /* Common.swift */,
				19B869A626E0FD93004BFBC5 /* ApiError.swift */,
				19B869A826E0FDA8004BFBC5 /* CurrentWeather.swift */,
				19B869AA26E0FDB4004BFBC5 /* RaspData.swift */,
			);
			path = Model;
			sourceTree = "<group>";
		};
		1956637E26E0F2E20018E62E /* Location */ = {
			isa = PBXGroup;
			children = (
				1902BB6326E23AD000147F77 /* Location.swift */,
			);
			path = Location;
			sourceTree = "<group>";
		};
		1956637F26E0F2E30018E62E /* Data */ = {
			isa = PBXGroup;
			children = (
				192AA85726E396830087E27C /* FetchData.swift */,
				197087CB26EEE11F00AFC458 /* RaspiDataPasing.swift */,
			);
			name = Data;
			path = "New Group1/Data";
			sourceTree = "<group>";
		};
		1956638026E0F2E80018E62E /* Api */ = {
			isa = PBXGroup;
			children = (
				194ABE2726E4A22C009A7651 /* test.playground */,
				1975341126E4F7E300513BB1 /* RaspberryPiTest.playground */,
			);
			path = Api;
			sourceTree = "<group>";
		};
		1961A1262702B2CE009D4557 /* Format */ = {
			isa = PBXGroup;
			children = (
				1961A1272702B2F3009D4557 /* Formatter.swift */,
			);
			path = Format;
			sourceTree = "<group>";
		};
		19757702272573E600696305 /* Cell */ = {
			isa = PBXGroup;
			children = (
				192AA85B26E3B2420087E27C /* WeatherCell.swift */,
				1975341226E4F91B00513BB1 /* RaspiDustCell.swift */,
				19839C6726EDF073005A131A /* DustTableViewCell.swift */,
				196D5E2327257534009D4074 /* SecondRaspiCell.swift */,
			);
			path = Cell;
			sourceTree = "<group>";
		};
		19757703272573EE00696305 /* ViewController */ = {
			isa = PBXGroup;
			children = (
				1956636D26E0E2CB0018E62E /* Main.storyboard */,
				1956637B26E0E7ED0018E62E /* MainViewController.swift */,
				19D57C21271C55D800B8CF86 /* ControlViewController.swift */,
				1975341426E4F94300513BB1 /* DustMainViewController.swift */,
				1965377A26EE16BB0018BA7D /* TabBarController.swift */,
			);
			path = ViewController;
			sourceTree = "<group>";
		};
		197577042725743700696305 /* New Group */ = {
			isa = PBXGroup;
			children = (
				1956636726E0E2CB0018E62E /* AppDelegate.swift */,
				1956636926E0E2CB0018E62E /* SceneDelegate.swift */,
				19345C1B26E490030073E60D /* Assets.xcassets */,
				1956637226E0E2CC0018E62E /* LaunchScreen.storyboard */,
			);
			path = "New Group";
			sourceTree = "<group>";
		};
		4BFD91479B6D0AC717427418 /* Frameworks */ = {
			isa = PBXGroup;
			children = (
				008EEC67911769374B7B880A /* Pods_ProtectAir.framework */,
			);
			name = Frameworks;
			sourceTree = "<group>";
		};
		B45F1B43894C115406B34D49 /* Pods */ = {
			isa = PBXGroup;
			children = (
				9DDCF01D318F6E4F260F7682 /* Pods-ProtectAir.debug.xcconfig */,
				6CEED6AA31D7234FCB426322 /* Pods-ProtectAir.release.xcconfig */,
			);
			path = Pods;
			sourceTree = "<group>";
		};
/* End PBXGroup section */

/* Begin PBXNativeTarget section */
		1956636326E0E2CB0018E62E /* ProtectAir */ = {
			isa = PBXNativeTarget;
			buildConfigurationList = 1956637826E0E2CC0018E62E /* Build configuration list for PBXNativeTarget "ProtectAir" */;
			buildPhases = (
				F02E8A2019A22CE2ACC3C4AE /* [CP] Check Pods Manifest.lock */,
				1956636026E0E2CB0018E62E /* Sources */,
				1956636126E0E2CB0018E62E /* Frameworks */,
				1956636226E0E2CB0018E62E /* Resources */,
				9406E804F874E844C5CC7B87 /* [CP] Embed Pods Frameworks */,
			);
			buildRules = (
			);
			dependencies = (
			);
			name = ProtectAir;
			productName = ProtectAir;
			productReference = 1956636426E0E2CB0018E62E /* ProtectAir.app */;
			productType = "com.apple.product-type.application";
		};
/* End PBXNativeTarget section */

/* Begin PBXProject section */
		1956635C26E0E2CB0018E62E /* Project object */ = {
			isa = PBXProject;
			attributes = {
				LastSwiftUpdateCheck = 1250;
				LastUpgradeCheck = 1250;
				TargetAttributes = {
					1956636326E0E2CB0018E62E = {
						CreatedOnToolsVersion = 12.5;
					};
				};
			};
			buildConfigurationList = 1956635F26E0E2CB0018E62E /* Build configuration list for PBXProject "ProtectAir" */;
			compatibilityVersion = "Xcode 9.3";
			developmentRegion = en;
			hasScannedForEncodings = 0;
			knownRegions = (
				en,
				Base,
			);
			mainGroup = 1956635B26E0E2CB0018E62E;
			productRefGroup = 1956636526E0E2CB0018E62E /* Products */;
			projectDirPath = "";
			projectRoot = "";
			targets = (
				1956636326E0E2CB0018E62E /* ProtectAir */,
			);
		};
/* End PBXProject section */

/* Begin PBXResourcesBuildPhase section */
		1956636226E0E2CB0018E62E /* Resources */ = {
			isa = PBXResourcesBuildPhase;
			buildActionMask = 2147483647;
			files = (
				1956637426E0E2CC0018E62E /* LaunchScreen.storyboard in Resources */,
				19345C1C26E490030073E60D /* Assets.xcassets in Resources */,
				1956636F26E0E2CB0018E62E /* Main.storyboard in Resources */,
			);
			runOnlyForDeploymentPostprocessing = 0;
		};
/* End PBXResourcesBuildPhase section */

/* Begin PBXShellScriptBuildPhase section */
		9406E804F874E844C5CC7B87 /* [CP] Embed Pods Frameworks */ = {
			isa = PBXShellScriptBuildPhase;
			buildActionMask = 2147483647;
			files = (
			);
			inputFileListPaths = (
				"${PODS_ROOT}/Target Support Files/Pods-ProtectAir/Pods-ProtectAir-frameworks-${CONFIGURATION}-input-files.xcfilelist",
			);
			name = "[CP] Embed Pods Frameworks";
			outputFileListPaths = (
				"${PODS_ROOT}/Target Support Files/Pods-ProtectAir/Pods-ProtectAir-frameworks-${CONFIGURATION}-output-files.xcfilelist",
			);
			runOnlyForDeploymentPostprocessing = 0;
			shellPath = /bin/sh;
			shellScript = "\"${PODS_ROOT}/Target Support Files/Pods-ProtectAir/Pods-ProtectAir-frameworks.sh\"\n";
			showEnvVarsInLog = 0;
		};
		F02E8A2019A22CE2ACC3C4AE /* [CP] Check Pods Manifest.lock */ = {
			isa = PBXShellScriptBuildPhase;
			buildActionMask = 2147483647;
			files = (
			);
			inputFileListPaths = (
			);
			inputPaths = (
				"${PODS_PODFILE_DIR_PATH}/Podfile.lock",
				"${PODS_ROOT}/Manifest.lock",
			);
			name = "[CP] Check Pods Manifest.lock";
			outputFileListPaths = (
			);
			outputPaths = (
				"$(DERIVED_FILE_DIR)/Pods-ProtectAir-checkManifestLockResult.txt",
			);
			runOnlyForDeploymentPostprocessing = 0;
			shellPath = /bin/sh;
			shellScript = "diff \"${PODS_PODFILE_DIR_PATH}/Podfile.lock\" \"${PODS_ROOT}/Manifest.lock\" > /dev/null\nif [ $? != 0 ] ; then\n    # print error to STDERR\n    echo \"error: The sandbox is not in sync with the Podfile.lock. Run 'pod install' or update your CocoaPods installation.\" >&2\n    exit 1\nfi\n# This output is used by Xcode 'outputs' to avoid re-running this script phase.\necho \"SUCCESS\" > \"${SCRIPT_OUTPUT_FILE_0}\"\n";
			showEnvVarsInLog = 0;
		};
/* End PBXShellScriptBuildPhase section */

/* Begin PBXSourcesBuildPhase section */
		1956636026E0E2CB0018E62E /* Sources */ = {
			isa = PBXSourcesBuildPhase;
			buildActionMask = 2147483647;
			files = (
				192AA85826E396830087E27C /* FetchData.swift in Sources */,
				192AA85C26E3B2420087E27C /* WeatherCell.swift in Sources */,
				1956637C26E0E7ED0018E62E /* MainViewController.swift in Sources */,
				196D5E2427257534009D4074 /* SecondRaspiCell.swift in Sources */,
				19839C6826EDF073005A131A /* DustTableViewCell.swift in Sources */,
				1965377B26EE16BB0018BA7D /* TabBarController.swift in Sources */,
				19B869AB26E0FDB4004BFBC5 /* RaspData.swift in Sources */,
				19B869A926E0FDA8004BFBC5 /* CurrentWeather.swift in Sources */,
				192AA85A26E3B0CA0087E27C /* Common.swift in Sources */,
				1975341526E4F94300513BB1 /* DustMainViewController.swift in Sources */,
				19D57C22271C55D800B8CF86 /* ControlViewController.swift in Sources */,
				1975341326E4F91B00513BB1 /* RaspiDustCell.swift in Sources */,
				1902BB6426E23AD000147F77 /* Location.swift in Sources */,
				197087CC26EEE11F00AFC458 /* RaspiDataPasing.swift in Sources */,
				19B869A726E0FD93004BFBC5 /* ApiError.swift in Sources */,
				1956636826E0E2CB0018E62E /* AppDelegate.swift in Sources */,
				1961A1282702B2F3009D4557 /* Formatter.swift in Sources */,
				1956636A26E0E2CB0018E62E /* SceneDelegate.swift in Sources */,
			);
			runOnlyForDeploymentPostprocessing = 0;
		};
/* End PBXSourcesBuildPhase section */

/* Begin PBXVariantGroup section */
		1956636D26E0E2CB0018E62E /* Main.storyboard */ = {
			isa = PBXVariantGroup;
			children = (
				1956636E26E0E2CB0018E62E /* Base */,
			);
			name = Main.storyboard;
			sourceTree = "<group>";
		};
		1956637226E0E2CC0018E62E /* LaunchScreen.storyboard */ = {
			isa = PBXVariantGroup;
			children = (
				1956637326E0E2CC0018E62E /* Base */,
			);
			name = LaunchScreen.storyboard;
			sourceTree = "<group>";
		};
/* End PBXVariantGroup section */

/* Begin XCBuildConfiguration section */
		1956637626E0E2CC0018E62E /* Debug */ = {
			isa = XCBuildConfiguration;
			buildSettings = {
				ALWAYS_SEARCH_USER_PATHS = NO;
				CLANG_ANALYZER_NONNULL = YES;
				CLANG_ANALYZER_NUMBER_OBJECT_CONVERSION = YES_AGGRESSIVE;
				CLANG_CXX_LANGUAGE_STANDARD = "gnu++14";
				CLANG_CXX_LIBRARY = "libc++";
				CLANG_ENABLE_MODULES = YES;
				CLANG_ENABLE_OBJC_ARC = YES;
				CLANG_ENABLE_OBJC_WEAK = YES;
				CLANG_WARN_BLOCK_CAPTURE_AUTORELEASING = YES;
				CLANG_WARN_BOOL_CONVERSION = YES;
				CLANG_WARN_COMMA = YES;
				CLANG_WARN_CONSTANT_CONVERSION = YES;
				CLANG_WARN_DEPRECATED_OBJC_IMPLEMENTATIONS = YES;
				CLANG_WARN_DIRECT_OBJC_ISA_USAGE = YES_ERROR;
				CLANG_WARN_DOCUMENTATION_COMMENTS = YES;
				CLANG_WARN_EMPTY_BODY = YES;
				CLANG_WARN_ENUM_CONVERSION = YES;
				CLANG_WARN_INFINITE_RECURSION = YES;
				CLANG_WARN_INT_CONVERSION = YES;
				CLANG_WARN_NON_LITERAL_NULL_CONVERSION = YES;
				CLANG_WARN_OBJC_IMPLICIT_RETAIN_SELF = YES;
				CLANG_WARN_OBJC_LITERAL_CONVERSION = YES;
				CLANG_WARN_OBJC_ROOT_CLASS = YES_ERROR;
				CLANG_WARN_QUOTED_INCLUDE_IN_FRAMEWORK_HEADER = YES;
				CLANG_WARN_RANGE_LOOP_ANALYSIS = YES;
				CLANG_WARN_STRICT_PROTOTYPES = YES;
				CLANG_WARN_SUSPICIOUS_MOVE = YES;
				CLANG_WARN_UNGUARDED_AVAILABILITY = YES_AGGRESSIVE;
				CLANG_WARN_UNREACHABLE_CODE = YES;
				CLANG_WARN__DUPLICATE_METHOD_MATCH = YES;
				COPY_PHASE_STRIP = NO;
				DEBUG_INFORMATION_FORMAT = dwarf;
				ENABLE_STRICT_OBJC_MSGSEND = YES;
				ENABLE_TESTABILITY = YES;
				GCC_C_LANGUAGE_STANDARD = gnu11;
				GCC_DYNAMIC_NO_PIC = NO;
				GCC_NO_COMMON_BLOCKS = YES;
				GCC_OPTIMIZATION_LEVEL = 0;
				GCC_PREPROCESSOR_DEFINITIONS = (
					"DEBUG=1",
					"$(inherited)",
				);
				GCC_WARN_64_TO_32_BIT_CONVERSION = YES;
				GCC_WARN_ABOUT_RETURN_TYPE = YES_ERROR;
				GCC_WARN_UNDECLARED_SELECTOR = YES;
				GCC_WARN_UNINITIALIZED_AUTOS = YES_AGGRESSIVE;
				GCC_WARN_UNUSED_FUNCTION = YES;
				GCC_WARN_UNUSED_VARIABLE = YES;
				IPHONEOS_DEPLOYMENT_TARGET = 14.5;
				MTL_ENABLE_DEBUG_INFO = INCLUDE_SOURCE;
				MTL_FAST_MATH = YES;
				ONLY_ACTIVE_ARCH = YES;
				SDKROOT = iphoneos;
				SWIFT_ACTIVE_COMPILATION_CONDITIONS = DEBUG;
				SWIFT_OPTIMIZATION_LEVEL = "-Onone";
			};
			name = Debug;
		};
		1956637726E0E2CC0018E62E /* Release */ = {
			isa = XCBuildConfiguration;
			buildSettings = {
				ALWAYS_SEARCH_USER_PATHS = NO;
				CLANG_ANALYZER_NONNULL = YES;
				CLANG_ANALYZER_NUMBER_OBJECT_CONVERSION = YES_AGGRESSIVE;
				CLANG_CXX_LANGUAGE_STANDARD = "gnu++14";
				CLANG_CXX_LIBRARY = "libc++";
				CLANG_ENABLE_MODULES = YES;
				CLANG_ENABLE_OBJC_ARC = YES;
				CLANG_ENABLE_OBJC_WEAK = YES;
				CLANG_WARN_BLOCK_CAPTURE_AUTORELEASING = YES;
				CLANG_WARN_BOOL_CONVERSION = YES;
				CLANG_WARN_COMMA = YES;
				CLANG_WARN_CONSTANT_CONVERSION = YES;
				CLANG_WARN_DEPRECATED_OBJC_IMPLEMENTATIONS = YES;
				CLANG_WARN_DIRECT_OBJC_ISA_USAGE = YES_ERROR;
				CLANG_WARN_DOCUMENTATION_COMMENTS = YES;
				CLANG_WARN_EMPTY_BODY = YES;
				CLANG_WARN_ENUM_CONVERSION = YES;
				CLANG_WARN_INFINITE_RECURSION = YES;
				CLANG_WARN_INT_CONVERSION = YES;
				CLANG_WARN_NON_LITERAL_NULL_CONVERSION = YES;
				CLANG_WARN_OBJC_IMPLICIT_RETAIN_SELF = YES;
				CLANG_WARN_OBJC_LITERAL_CONVERSION = YES;
				CLANG_WARN_OBJC_ROOT_CLASS = YES_ERROR;
				CLANG_WARN_QUOTED_INCLUDE_IN_FRAMEWORK_HEADER = YES;
				CLANG_WARN_RANGE_LOOP_ANALYSIS = YES;
				CLANG_WARN_STRICT_PROTOTYPES = YES;
				CLANG_WARN_SUSPICIOUS_MOVE = YES;
				CLANG_WARN_UNGUARDED_AVAILABILITY = YES_AGGRESSIVE;
				CLANG_WARN_UNREACHABLE_CODE = YES;
				CLANG_WARN__DUPLICATE_METHOD_MATCH = YES;
				COPY_PHASE_STRIP = NO;
				DEBUG_INFORMATION_FORMAT = "dwarf-with-dsym";
				ENABLE_NS_ASSERTIONS = NO;
				ENABLE_STRICT_OBJC_MSGSEND = YES;
				GCC_C_LANGUAGE_STANDARD = gnu11;
				GCC_NO_COMMON_BLOCKS = YES;
				GCC_WARN_64_TO_32_BIT_CONVERSION = YES;
				GCC_WARN_ABOUT_RETURN_TYPE = YES_ERROR;
				GCC_WARN_UNDECLARED_SELECTOR = YES;
				GCC_WARN_UNINITIALIZED_AUTOS = YES_AGGRESSIVE;
				GCC_WARN_UNUSED_FUNCTION = YES;
				GCC_WARN_UNUSED_VARIABLE = YES;
				IPHONEOS_DEPLOYMENT_TARGET = 14.5;
				MTL_ENABLE_DEBUG_INFO = NO;
				MTL_FAST_MATH = YES;
				SDKROOT = iphoneos;
				SWIFT_COMPILATION_MODE = wholemodule;
				SWIFT_OPTIMIZATION_LEVEL = "-O";
				VALIDATE_PRODUCT = YES;
			};
			name = Release;
		};
		1956637926E0E2CC0018E62E /* Debug */ = {
			isa = XCBuildConfiguration;
			baseConfigurationReference = 9DDCF01D318F6E4F260F7682 /* Pods-ProtectAir.debug.xcconfig */;
			buildSettings = {
				ASSETCATALOG_COMPILER_APPICON_NAME = AppIcon;
				ASSETCATALOG_COMPILER_GLOBAL_ACCENT_COLOR_NAME = AccentColor;
				CODE_SIGN_STYLE = Automatic;
				DEVELOPMENT_TEAM = ZG2P46JR6N;
				INFOPLIST_FILE = ProtectAir/Info.plist;
				LD_RUNPATH_SEARCH_PATHS = (
					"$(inherited)",
					"@executable_path/Frameworks",
				);
				PRODUCT_BUNDLE_IDENTIFIER = sunggyu.protectair;
				PRODUCT_NAME = "$(TARGET_NAME)";
				SWIFT_VERSION = 5.0;
				TARGETED_DEVICE_FAMILY = "1,2";
			};
			name = Debug;
		};
		1956637A26E0E2CC0018E62E /* Release */ = {
			isa = XCBuildConfiguration;
			baseConfigurationReference = 6CEED6AA31D7234FCB426322 /* Pods-ProtectAir.release.xcconfig */;
			buildSettings = {
				ASSETCATALOG_COMPILER_APPICON_NAME = AppIcon;
				ASSETCATALOG_COMPILER_GLOBAL_ACCENT_COLOR_NAME = AccentColor;
				CODE_SIGN_STYLE = Automatic;
				DEVELOPMENT_TEAM = ZG2P46JR6N;
				INFOPLIST_FILE = ProtectAir/Info.plist;
				LD_RUNPATH_SEARCH_PATHS = (
					"$(inherited)",
					"@executable_path/Frameworks",
				);
				PRODUCT_BUNDLE_IDENTIFIER = sunggyu.protectair;
				PRODUCT_NAME = "$(TARGET_NAME)";
				SWIFT_VERSION = 5.0;
				TARGETED_DEVICE_FAMILY = "1,2";
			};
			name = Release;
		};
/* End XCBuildConfiguration section */

/* Begin XCConfigurationList section */
		1956635F26E0E2CB0018E62E /* Build configuration list for PBXProject "ProtectAir" */ = {
			isa = XCConfigurationList;
			buildConfigurations = (
				1956637626E0E2CC0018E62E /* Debug */,
				1956637726E0E2CC0018E62E /* Release */,
			);
			defaultConfigurationIsVisible = 0;
			defaultConfigurationName = Release;
		};
		1956637826E0E2CC0018E62E /* Build configuration list for PBXNativeTarget "ProtectAir" */ = {
			isa = XCConfigurationList;
			buildConfigurations = (
				1956637926E0E2CC0018E62E /* Debug */,
				1956637A26E0E2CC0018E62E /* Release */,
			);
			defaultConfigurationIsVisible = 0;
			defaultConfigurationName = Release;
		};
/* End XCConfigurationList section */
	};
	rootObject = 1956635C26E0E2CB0018E62E /* Project object */;
}
